// !$*UTF8*$!
{
	archiveVersion = 1;
	classes = {
	};
	objectVersion = 48;
	objects = {

/* Begin PBXBuildFile section */
		D6F5E3961F3725C500FB54C8 /* AppDelegate.swift in Sources */ = {isa = PBXBuildFile; fileRef = D6F5E3951F3725C500FB54C8 /* AppDelegate.swift */; };
		D6F5E3981F3725C500FB54C8 /* ViewController.swift in Sources */ = {isa = PBXBuildFile; fileRef = D6F5E3971F3725C500FB54C8 /* ViewController.swift */; };
		D6F5E39B1F3725C500FB54C8 /* Main.storyboard in Resources */ = {isa = PBXBuildFile; fileRef = D6F5E3991F3725C500FB54C8 /* Main.storyboard */; };
		D6F5E39D1F3725C500FB54C8 /* Assets.xcassets in Resources */ = {isa = PBXBuildFile; fileRef = D6F5E39C1F3725C500FB54C8 /* Assets.xcassets */; };
		D6F5E3A01F3725C500FB54C8 /* LaunchScreen.storyboard in Resources */ = {isa = PBXBuildFile; fileRef = D6F5E39E1F3725C500FB54C8 /* LaunchScreen.storyboard */; };
		D6F5E3A81F37261C00FB54C8 /* XMLParser.swift in Sources */ = {isa = PBXBuildFile; fileRef = D6F5E3A71F37261B00FB54C8 /* XMLParser.swift */; };
		D6F5E3AA1F3727DD00FB54C8 /* src.xml in Resources */ = {isa = PBXBuildFile; fileRef = D6F5E3A91F37264700FB54C8 /* src.xml */; };
/* End PBXBuildFile section */

/* Begin PBXFileReference section */
		D6F5E3921F3725C500FB54C8 /* XMLParser.app */ = {isa = PBXFileReference; explicitFileType = wrapper.application; includeInIndex = 0; path = XMLParser.app; sourceTree = BUILT_PRODUCTS_DIR; };
		D6F5E3951F3725C500FB54C8 /* AppDelegate.swift */ = {isa = PBXFileReference; lastKnownFileType = sourcecode.swift; path = AppDelegate.swift; sourceTree = "<group>"; };
		D6F5E3971F3725C500FB54C8 /* ViewController.swift */ = {isa = PBXFileReference; lastKnownFileType = sourcecode.swift; path = ViewController.swift; sourceTree = "<group>"; };
		D6F5E39A1F3725C500FB54C8 /* Base */ = {isa = PBXFileReference; lastKnownFileType = file.storyboard; name = Base; path = Base.lproj/Main.storyboard; sourceTree = "<group>"; };
		D6F5E39C1F3725C500FB54C8 /* Assets.xcassets */ = {isa = PBXFileReference; lastKnownFileType = folder.assetcatalog; path = Assets.xcassets; sourceTree = "<group>"; };
		D6F5E39F1F3725C500FB54C8 /* Base */ = {isa = PBXFileReference; lastKnownFileType = file.storyboard; name = Base; path = Base.lproj/LaunchScreen.storyboard; sourceTree = "<group>"; };
		D6F5E3A11F3725C500FB54C8 /* Info.plist */ = {isa = PBXFileReference; lastKnownFileType = text.plist.xml; path = Info.plist; sourceTree = "<group>"; };
		D6F5E3A71F37261B00FB54C8 /* XMLParser.swift */ = {isa = PBXFileReference; fileEncoding = 4; lastKnownFileType = sourcecode.swift; name = XMLParser.swift; path = ../../XMLParser.swift; sourceTree = "<group>"; };
		D6F5E3A91F37264700FB54C8 /* src.xml */ = {isa = PBXFileReference; lastKnownFileType = text.xml; path = src.xml; sourceTree = "<group>"; };
/* End PBXFileReference section */

/* Begin PBXFrameworksBuildPhase section */
		D6F5E38F1F3725C500FB54C8 /* Frameworks */ = {
			isa = PBXFrameworksBuildPhase;
			buildActionMask = 2147483647;
			files = (
			);
			runOnlyForDeploymentPostprocessing = 0;
		};
/* End PBXFrameworksBuildPhase section */

/* Begin PBXGroup section */
		D6F5E3891F3725C400FB54C8 = {
			isa = PBXGroup;
			children = (
				D6F5E3941F3725C500FB54C8 /* XMLParser */,
				D6F5E3931F3725C500FB54C8 /* Products */,
			);
			sourceTree = "<group>";
		};
		D6F5E3931F3725C500FB54C8 /* Products */ = {
			isa = PBXGroup;
			children = (
				D6F5E3921F3725C500FB54C8 /* XMLParser.app */,
			);
			name = Products;
			sourceTree = "<group>";
		};
		D6F5E3941F3725C500FB54C8 /* XMLParser */ = {
			isa = PBXGroup;
			children = (
				D6F5E3951F3725C500FB54C8 /* AppDelegate.swift */,
				D6F5E3971F3725C500FB54C8 /* ViewController.swift */,
				D6F5E3A71F37261B00FB54C8 /* XMLParser.swift */,
				D6F5E3A91F37264700FB54C8 /* src.xml */,
				D6F5E3991F3725C500FB54C8 /* Main.storyboard */,
				D6F5E39C1F3725C500FB54C8 /* Assets.xcassets */,
				D6F5E39E1F3725C500FB54C8 /* LaunchScreen.storyboard */,
				D6F5E3A11F3725C500FB54C8 /* Info.plist */,
			);
			path = XMLParser;
			sourceTree = "<group>";
		};
/* End PBXGroup section */

/* Begin PBXNativeTarget section */
		D6F5E3911F3725C500FB54C8 /* XMLParser */ = {
			isa = PBXNativeTarget;
			buildConfigurationList = D6F5E3A41F3725C500FB54C8 /* Build configuration list for PBXNativeTarget "XMLParser" */;
			buildPhases = (
				D6F5E38E1F3725C500FB54C8 /* Sources */,
				D6F5E38F1F3725C500FB54C8 /* Frameworks */,
				D6F5E3901F3725C500FB54C8 /* Resources */,
			);
			buildRules = (
			);
			dependencies = (
			);
			name = XMLParser;
			productName = XMLParser;
			productReference = D6F5E3921F3725C500FB54C8 /* XMLParser.app */;
			productType = "com.apple.product-type.application";
		};
/* End PBXNativeTarget section */

/* Begin PBXProject section */
		D6F5E38A1F3725C400FB54C8 /* Project object */ = {
			isa = PBXProject;
			attributes = {
				LastSwiftUpdateCheck = 0900;
				LastUpgradeCheck = 0900;
				ORGANIZATIONNAME = WG;
				TargetAttributes = {
					D6F5E3911F3725C500FB54C8 = {
						CreatedOnToolsVersion = 9.0;
					};
				};
			};
			buildConfigurationList = D6F5E38D1F3725C400FB54C8 /* Build configuration list for PBXProject "XMLParser" */;
			compatibilityVersion = "Xcode 8.0";
			developmentRegion = en;
			hasScannedForEncodings = 0;
			knownRegions = (
				en,
				Base,
			);
			mainGroup = D6F5E3891F3725C400FB54C8;
			productRefGroup = D6F5E3931F3725C500FB54C8 /* Products */;
			projectDirPath = "";
			projectRoot = "";
			targets = (
				D6F5E3911F3725C500FB54C8 /* XMLParser */,
			);
		};
/* End PBXProject section */

/* Begin PBXResourcesBuildPhase section */
		D6F5E3901F3725C500FB54C8 /* Resources */ = {
			isa = PBXResourcesBuildPhase;
			buildActionMask = 2147483647;
			files = (
				D6F5E3A01F3725C500FB54C8 /* LaunchScreen.storyboard in Resources */,
				D6F5E39D1F3725C500FB54C8 /* Assets.xcassets in Resources */,
				D6F5E3AA1F3727DD00FB54C8 /* src.xml in Resources */,
				D6F5E39B1F3725C500FB54C8 /* Main.storyboard in Resources */,
			);
			runOnlyForDeploymentPostprocessing = 0;
		};
/* End PBXResourcesBuildPhase section */

/* Begin PBXSourcesBuildPhase section */
		D6F5E38E1F3725C500FB54C8 /* Sources */ = {
			isa = PBXSourcesBuildPhase;
			buildActionMask = 2147483647;
			files = (
				D6F5E3981F3725C500FB54C8 /* ViewController.swift in Sources */,
				D6F5E3961F3725C500FB54C8 /* AppDelegate.swift in Sources */,
				D6F5E3A81F37261C00FB54C8 /* XMLParser.swift in Sources */,
			);
			runOnlyForDeploymentPostprocessing = 0;
		};
/* End PBXSourcesBuildPhase section */

/* Begin PBXVariantGroup section */
		D6F5E3991F3725C500FB54C8 /* Main.storyboard */ = {
			isa = PBXVariantGroup;
			children = (
				D6F5E39A1F3725C500FB54C8 /* Base */,
			);
			name = Main.storyboard;
			sourceTree = "<group>";
		};
		D6F5E39E1F3725C500FB54C8 /* LaunchScreen.storyboard */ = {
			isa = PBXVariantGroup;
			children = (
				D6F5E39F1F3725C500FB54C8 /* Base */,
			);
			name = LaunchScreen.storyboard;
			sourceTree = "<group>";
		};
/* End PBXVariantGroup section */

/* Begin XCBuildConfiguration section */
		D6F5E3A21F3725C500FB54C8 /* Debug */ = {
			isa = XCBuildConfiguration;
			buildSettings = {
				ALWAYS_SEARCH_USER_PATHS = NO;
				CLANG_ANALYZER_NONNULL = YES;
				CLANG_ANALYZER_NUMBER_OBJECT_CONVERSION = YES_AGGRESSIVE;
				CLANG_CXX_LANGUAGE_STANDARD = "gnu++14";
				CLANG_CXX_LIBRARY = "libc++";
				CLANG_ENABLE_MODULES = YES;
				CLANG_ENABLE_OBJC_ARC = YES;
				CLANG_WARN_BLOCK_CAPTURE_AUTORELEASING = YES;
				CLANG_WARN_BOOL_CONVERSION = YES;
				CLANG_WARN_COMMA = YES;
				CLANG_WARN_CONSTANT_CONVERSION = YES;
				CLANG_WARN_DIRECT_OBJC_ISA_USAGE = YES_ERROR;
				CLANG_WARN_DOCUMENTATION_COMMENTS = YES;
				CLANG_WARN_EMPTY_BODY = YES;
				CLANG_WARN_ENUM_CONVERSION = YES;
				CLANG_WARN_INFINITE_RECURSION = YES;
				CLANG_WARN_INT_CONVERSION = YES;
				CLANG_WARN_NON_LITERAL_NULL_CONVERSION = YES;
				CLANG_WARN_OBJC_LITERAL_CONVERSION = YES;
				CLANG_WARN_OBJC_ROOT_CLASS = YES_ERROR;
				CLANG_WARN_RANGE_LOOP_ANALYSIS = YES;
				CLANG_WARN_STRICT_PROTOTYPES = YES;
				CLANG_WARN_SUSPICIOUS_MOVE = YES;
				CLANG_WARN_UNGUARDED_AVAILABILITY = YES_AGGRESSIVE;
				CLANG_WARN_UNREACHABLE_CODE = YES;
				CLANG_WARN__DUPLICATE_METHOD_MATCH = YES;
				CODE_SIGN_IDENTITY = "iPhone Developer";
				COPY_PHASE_STRIP = NO;
				DEBUG_INFORMATION_FORMAT = dwarf;
				ENABLE_STRICT_OBJC_MSGSEND = YES;
				ENABLE_TESTABILITY = YES;
				GCC_C_LANGUAGE_STANDARD = gnu11;
				GCC_DYNAMIC_NO_PIC = NO;
				GCC_NO_COMMON_BLOCKS = YES;
				GCC_OPTIMIZATION_LEVEL = 0;
				GCC_PREPROCESSOR_DEFINITIONS = (
					"DEBUG=1",
					"$(inherited)",
				);
				GCC_WARN_64_TO_32_BIT_CONVERSION = YES;
				GCC_WARN_ABOUT_RETURN_TYPE = YES_ERROR;
				GCC_WARN_UNDECLARED_SELECTOR = YES;
				GCC_WARN_UNINITIALIZED_AUTOS = YES_AGGRESSIVE;
				GCC_WARN_UNUSED_FUNCTION = YES;
				GCC_WARN_UNUSED_VARIABLE = YES;
				IPHONEOS_DEPLOYMENT_TARGET = 11.0;
				MTL_ENABLE_DEBUG_INFO = YES;
				ONLY_ACTIVE_ARCH = YES;
				SDKROOT = iphoneos;
				SWIFT_ACTIVE_COMPILATION_CONDITIONS = DEBUG;
				SWIFT_OPTIMIZATION_LEVEL = "-Onone";
			};
			name = Debug;
		};
		D6F5E3A31F3725C500FB54C8 /* Release */ = {
			isa = XCBuildConfiguration;
			buildSettings = {
				ALWAYS_SEARCH_USER_PATHS = NO;
				CLANG_ANALYZER_NONNULL = YES;
				CLANG_ANALYZER_NUMBER_OBJECT_CONVERSION = YES_AGGRESSIVE;
				CLANG_CXX_LANGUAGE_STANDARD = "gnu++14";
				CLANG_CXX_LIBRARY = "libc++";
				CLANG_ENABLE_MODULES = YES;
				CLANG_ENABLE_OBJC_ARC = YES;
				CLANG_WARN_BLOCK_CAPTURE_AUTORELEASING = YES;
				CLANG_WARN_BOOL_CONVERSION = YES;
				CLANG_WARN_COMMA = YES;
				CLANG_WARN_CONSTANT_CONVERSION = YES;
				CLANG_WARN_DIRECT_OBJC_ISA_USAGE = YES_ERROR;
				CLANG_WARN_DOCUMENTATION_COMMENTS = YES;
				CLANG_WARN_EMPTY_BODY = YES;
				CLANG_WARN_ENUM_CONVERSION = YES;
				CLANG_WARN_INFINITE_RECURSION = YES;
				CLANG_WARN_INT_CONVERSION = YES;
				CLANG_WARN_NON_LITERAL_NULL_CONVERSION = YES;
				CLANG_WARN_OBJC_LITERAL_CONVERSION = YES;
				CLANG_WARN_OBJC_ROOT_CLASS = YES_ERROR;
				CLANG_WARN_RANGE_LOOP_ANALYSIS = YES;
				CLANG_WARN_STRICT_PROTOTYPES = YES;
				CLANG_WARN_SUSPICIOUS_MOVE = YES;
				CLANG_WARN_UNGUARDED_AVAILABILITY = YES_AGGRESSIVE;
				CLANG_WARN_UNREACHABLE_CODE = YES;
				CLANG_WARN__DUPLICATE_METHOD_MATCH = YES;
				CODE_SIGN_IDENTITY = "iPhone Developer";
				COPY_PHASE_STRIP = NO;
				DEBUG_INFORMATION_FORMAT = "dwarf-with-dsym";
				ENABLE_NS_ASSERTIONS = NO;
				ENABLE_STRICT_OBJC_MSGSEND = YES;
				GCC_C_LANGUAGE_STANDARD = gnu11;
				GCC_NO_COMMON_BLOCKS = YES;
				GCC_WARN_64_TO_32_BIT_CONVERSION = YES;
				GCC_WARN_ABOUT_RETURN_TYPE = YES_ERROR;
				GCC_WARN_UNDECLARED_SELECTOR = YES;
				GCC_WARN_UNINITIALIZED_AUTOS = YES_AGGRESSIVE;
				GCC_WARN_UNUSED_FUNCTION = YES;
				GCC_WARN_UNUSED_VARIABLE = YES;
				IPHONEOS_DEPLOYMENT_TARGET = 11.0;
				MTL_ENABLE_DEBUG_INFO = NO;
				SDKROOT = iphoneos;
				SWIFT_OPTIMIZATION_LEVEL = "-Owholemodule";
				VALIDATE_PRODUCT = YES;
			};
			name = Release;
		};
		D6F5E3A51F3725C500FB54C8 /* Debug */ = {
			isa = XCBuildConfiguration;
			buildSettings = {
				ASSETCATALOG_COMPILER_APPICON_NAME = AppIcon;
				DEVELOPMENT_TEAM = 2XSY7JEX7E;
				INFOPLIST_FILE = XMLParser/Info.plist;
				LD_RUNPATH_SEARCH_PATHS = "$(inherited) @executable_path/Frameworks";
				PRODUCT_BUNDLE_IDENTIFIER = "com.tencent.-.XMLParser";
				PRODUCT_NAME = "$(TARGET_NAME)";
				SWIFT_VERSION = 4.0;
				TARGETED_DEVICE_FAMILY = "1,2";
			};
			name = Debug;
		};
		D6F5E3A61F3725C500FB54C8 /* Release */ = {
			isa = XCBuildConfiguration;
			buildSettings = {
				ASSETCATALOG_COMPILER_APPICON_NAME = AppIcon;
				DEVELOPMENT_TEAM = 2XSY7JEX7E;
				INFOPLIST_FILE = XMLParser/Info.plist;
				LD_RUNPATH_SEARCH_PATHS = "$(inherited) @executable_path/Frameworks";
				PRODUCT_BUNDLE_IDENTIFIER = "com.tencent.-.XMLParser";
				PRODUCT_NAME = "$(TARGET_NAME)";
				SWIFT_VERSION = 4.0;
				TARGETED_DEVICE_FAMILY = "1,2";
			};
			name = Release;
		};
/* End XCBuildConfiguration section */

/* Begin XCConfigurationList section */
		D6F5E38D1F3725C400FB54C8 /* Build configuration list for PBXProject "XMLParser" */ = {
			isa = XCConfigurationList;
			buildConfigurations = (
				D6F5E3A21F3725C500FB54C8 /* Debug */,
				D6F5E3A31F3725C500FB54C8 /* Release */,
			);
			defaultConfigurationIsVisible = 0;
			defaultConfigurationName = Release;
		};
		D6F5E3A41F3725C500FB54C8 /* Build configuration list for PBXNativeTarget "XMLParser" */ = {
			isa = XCConfigurationList;
			buildConfigurations = (
				D6F5E3A51F3725C500FB54C8 /* Debug */,
				D6F5E3A61F3725C500FB54C8 /* Release */,
			);
			defaultConfigurationIsVisible = 0;
			defaultConfigurationName = Release;
		};
/* End XCConfigurationList section */
	};
	rootObject = D6F5E38A1F3725C400FB54C8 /* Project object */;
}
